
Microsoft Visual Studio Solution File, Format Version 12.00
# Visual Studio 2013
VisualStudioVersion = 12.0.30723.0
MinimumVisualStudioVersion = 10.0.40219.1
Project("{2150E333-8FDC-42A3-9474-1A3956D46DE8}") = ".nuget", ".nuget", "{36B1FEC1-859E-4124-9BCD-E002C5D46E4D}"
	ProjectSection(SolutionItems) = preProject
		.nuget\NuGet.Config = .nuget\NuGet.Config
		.nuget\NuGet.exe = .nuget\NuGet.exe
		.nuget\NuGet.targets = .nuget\NuGet.targets
	EndProjectSection
EndProject
Project("{2150E333-8FDC-42A3-9474-1A3956D46DE8}") = "Contact Management Bounded Context Plus Data", "Contact Management Bounded Context Plus Data", "{8B5323A2-3ED1-4963-9FE3-6FBF16A11E05}"
EndProject
Project("{2150E333-8FDC-42A3-9474-1A3956D46DE8}") = "Sales Order Bounded Context Plus Data", "Sales Order Bounded Context Plus Data", "{5018AD60-C9F3-448B-9695-2C7EAD4A064C}"
EndProject
Project("{2150E333-8FDC-42A3-9474-1A3956D46DE8}") = "Accounts Receivable Bounded Context", "Accounts Receivable Bounded Context", "{AE8ED176-7C7F-4B2E-8A32-D499A850559F}"
EndProject
Project("{FAE04EC0-301F-11D3-BF4B-00C04F79EFBC}") = "AccountManagement", "AccountManagement\AccountManagement.csproj", "{F08ADBB0-2697-4281-BE65-40FE6C8D846F}"
EndProject
Project("{2150E333-8FDC-42A3-9474-1A3956D46DE8}") = "Product CRUD Domain", "Product CRUD Domain", "{B46F5745-18EB-4973-8F6E-515779B96200}"
EndProject
Project("{2150E333-8FDC-42A3-9474-1A3956D46DE8}") = "Marketing Bounded Context", "Marketing Bounded Context", "{35AE442A-A285-4D0D-910F-B23A41F342C1}"
EndProject
Project("{FAE04EC0-301F-11D3-BF4B-00C04F79EFBC}") = "Marketing.Core", "Marketing.Domain.Core\Marketing.Core.csproj", "{157D685B-DA13-4826-85DE-3803FA7B1A11}"
EndProject
Project("{FAE04EC0-301F-11D3-BF4B-00C04F79EFBC}") = "ContactManagement.Core", "ContactManagementBC\ContactManagement.Models\ContactManagement.Core.csproj", "{F42B3A12-CC9F-4776-9BFE-6C3FC20712ED}"
EndProject
Project("{FAE04EC0-301F-11D3-BF4B-00C04F79EFBC}") = "ContactManagement.Data.Infrastructure", "ContactManagementBC\ContactManagement.Infrastructure\ContactManagement.Data.Infrastructure.csproj", "{6A0480A5-96F2-437D-8A14-325E624D44CA}"
EndProject
Project("{FAE04EC0-301F-11D3-BF4B-00C04F79EFBC}") = "ContactManagementServicesAPI", "ContactManagementBC\ContactManagementServicesAPI\ContactManagementServicesAPI.csproj", "{668FE049-1864-484F-8734-05E3BB2931AB}"
EndProject
Project("{FAE04EC0-301F-11D3-BF4B-00C04F79EFBC}") = "ContactManagementTests", "ContactManagementBC\ContactManagementTests\ContactManagementTests.csproj", "{F81D32C7-82B6-4689-BE51-9E80973995E2}"
EndProject
Project("{FAE04EC0-301F-11D3-BF4B-00C04F79EFBC}") = "SalesOrder.Model", "OrderManagementBC\SalesDomainModel\SalesOrder.Model.csproj", "{4B2E7ACB-AD31-4728-8EA8-952FEA298952}"
EndProject
Project("{FAE04EC0-301F-11D3-BF4B-00C04F79EFBC}") = "SalesOrder.Persistence", "OrderManagementBC\SalesOrder.Persistence\SalesOrder.Persistence.csproj", "{D4A4902E-5ECD-44AA-A019-1479160EB71E}"
EndProject
Project("{FAE04EC0-301F-11D3-BF4B-00C04F79EFBC}") = "SalesOrder.Data.ContactRetrievalService", "OrderManagementBC\ContactRetrieval Service\SalesOrder.Data.ContactRetrievalService.csproj", "{65259E4B-7414-4010-9191-66F6BF9F931C}"
EndProject
Project("{FAE04EC0-301F-11D3-BF4B-00C04F79EFBC}") = "SalesOrder.Persistence.Tests", "OrderManagementBC\SalesOrder.Persistence.Tests\SalesOrder.Persistence.Tests.csproj", "{7EF8D0C0-B2C2-4573-8BE1-E6E5A033ACBD}"
EndProject
Project("{FAE04EC0-301F-11D3-BF4B-00C04F79EFBC}") = "SalesOrder.Model.Tests", "OrderManagementBC\SalesOrder.Model.Tests\SalesOrder.Model.Tests.csproj", "{8A999013-E499-461C-9871-9303EA9CBD40}"
EndProject
Project("{FAE04EC0-301F-11D3-BF4B-00C04F79EFBC}") = "SharedKernel", "Shared Kernel\SharedKernel.csproj", "{1EE9D872-9AC8-4315-A0ED-A84887EB349B}"
EndProject
Project("{FAE04EC0-301F-11D3-BF4B-00C04F79EFBC}") = "StructureMapContainer", "StructureMapContainer\StructureMapContainer.csproj", "{7AB6E7D6-BC90-4F90-B73E-6742040DD0D2}"
EndProject
Global
	GlobalSection(SolutionConfigurationPlatforms) = preSolution
		Debug|Any CPU = Debug|Any CPU
		Release|Any CPU = Release|Any CPU
	EndGlobalSection
	GlobalSection(ProjectConfigurationPlatforms) = postSolution
		{F08ADBB0-2697-4281-BE65-40FE6C8D846F}.Debug|Any CPU.ActiveCfg = Debug|Any CPU
		{F08ADBB0-2697-4281-BE65-40FE6C8D846F}.Debug|Any CPU.Build.0 = Debug|Any CPU
		{F08ADBB0-2697-4281-BE65-40FE6C8D846F}.Release|Any CPU.ActiveCfg = Release|Any CPU
		{F08ADBB0-2697-4281-BE65-40FE6C8D846F}.Release|Any CPU.Build.0 = Release|Any CPU
		{157D685B-DA13-4826-85DE-3803FA7B1A11}.Debug|Any CPU.ActiveCfg = Debug|Any CPU
		{157D685B-DA13-4826-85DE-3803FA7B1A11}.Debug|Any CPU.Build.0 = Debug|Any CPU
		{157D685B-DA13-4826-85DE-3803FA7B1A11}.Release|Any CPU.ActiveCfg = Release|Any CPU
		{157D685B-DA13-4826-85DE-3803FA7B1A11}.Release|Any CPU.Build.0 = Release|Any CPU
		{F42B3A12-CC9F-4776-9BFE-6C3FC20712ED}.Debug|Any CPU.ActiveCfg = Debug|Any CPU
		{F42B3A12-CC9F-4776-9BFE-6C3FC20712ED}.Debug|Any CPU.Build.0 = Debug|Any CPU
		{F42B3A12-CC9F-4776-9BFE-6C3FC20712ED}.Release|Any CPU.ActiveCfg = Release|Any CPU
		{F42B3A12-CC9F-4776-9BFE-6C3FC20712ED}.Release|Any CPU.Build.0 = Release|Any CPU
		{6A0480A5-96F2-437D-8A14-325E624D44CA}.Debug|Any CPU.ActiveCfg = Debug|Any CPU
		{6A0480A5-96F2-437D-8A14-325E624D44CA}.Debug|Any CPU.Build.0 = Debug|Any CPU
		{6A0480A5-96F2-437D-8A14-325E624D44CA}.Release|Any CPU.ActiveCfg = Release|Any CPU
		{6A0480A5-96F2-437D-8A14-325E624D44CA}.Release|Any CPU.Build.0 = Release|Any CPU
		{668FE049-1864-484F-8734-05E3BB2931AB}.Debug|Any CPU.ActiveCfg = Debug|Any CPU
		{668FE049-1864-484F-8734-05E3BB2931AB}.Debug|Any CPU.Build.0 = Debug|Any CPU
		{668FE049-1864-484F-8734-05E3BB2931AB}.Release|Any CPU.ActiveCfg = Release|Any CPU
		{668FE049-1864-484F-8734-05E3BB2931AB}.Release|Any CPU.Build.0 = Release|Any CPU
		{F81D32C7-82B6-4689-BE51-9E80973995E2}.Debug|Any CPU.ActiveCfg = Debug|Any CPU
		{F81D32C7-82B6-4689-BE51-9E80973995E2}.Debug|Any CPU.Build.0 = Debug|Any CPU
		{F81D32C7-82B6-4689-BE51-9E80973995E2}.Release|Any CPU.ActiveCfg = Release|Any CPU
		{F81D32C7-82B6-4689-BE51-9E80973995E2}.Release|Any CPU.Build.0 = Release|Any CPU
		{4B2E7ACB-AD31-4728-8EA8-952FEA298952}.Debug|Any CPU.ActiveCfg = Debug|Any CPU
		{4B2E7ACB-AD31-4728-8EA8-952FEA298952}.Debug|Any CPU.Build.0 = Debug|Any CPU
		{4B2E7ACB-AD31-4728-8EA8-952FEA298952}.Release|Any CPU.ActiveCfg = Release|Any CPU
		{4B2E7ACB-AD31-4728-8EA8-952FEA298952}.Release|Any CPU.Build.0 = Release|Any CPU
		{D4A4902E-5ECD-44AA-A019-1479160EB71E}.Debug|Any CPU.ActiveCfg = Debug|Any CPU
		{D4A4902E-5ECD-44AA-A019-1479160EB71E}.Debug|Any CPU.Build.0 = Debug|Any CPU
		{D4A4902E-5ECD-44AA-A019-1479160EB71E}.Release|Any CPU.ActiveCfg = Release|Any CPU
		{D4A4902E-5ECD-44AA-A019-1479160EB71E}.Release|Any CPU.Build.0 = Release|Any CPU
		{65259E4B-7414-4010-9191-66F6BF9F931C}.Debug|Any CPU.ActiveCfg = Debug|Any CPU
		{65259E4B-7414-4010-9191-66F6BF9F931C}.Debug|Any CPU.Build.0 = Debug|Any CPU
		{65259E4B-7414-4010-9191-66F6BF9F931C}.Release|Any CPU.ActiveCfg = Release|Any CPU
		{65259E4B-7414-4010-9191-66F6BF9F931C}.Release|Any CPU.Build.0 = Release|Any CPU
		{7EF8D0C0-B2C2-4573-8BE1-E6E5A033ACBD}.Debug|Any CPU.ActiveCfg = Debug|Any CPU
		{7EF8D0C0-B2C2-4573-8BE1-E6E5A033ACBD}.Debug|Any CPU.Build.0 = Debug|Any CPU
		{7EF8D0C0-B2C2-4573-8BE1-E6E5A033ACBD}.Release|Any CPU.ActiveCfg = Release|Any CPU
		{7EF8D0C0-B2C2-4573-8BE1-E6E5A033ACBD}.Release|Any CPU.Build.0 = Release|Any CPU
		{8A999013-E499-461C-9871-9303EA9CBD40}.Debug|Any CPU.ActiveCfg = Debug|Any CPU
		{8A999013-E499-461C-9871-9303EA9CBD40}.Debug|Any CPU.Build.0 = Debug|Any CPU
		{8A999013-E499-461C-9871-9303EA9CBD40}.Release|Any CPU.ActiveCfg = Release|Any CPU
		{8A999013-E499-461C-9871-9303EA9CBD40}.Release|Any CPU.Build.0 = Release|Any CPU
		{1EE9D872-9AC8-4315-A0ED-A84887EB349B}.Debug|Any CPU.ActiveCfg = Debug|Any CPU
		{1EE9D872-9AC8-4315-A0ED-A84887EB349B}.Debug|Any CPU.Build.0 = Debug|Any CPU
		{1EE9D872-9AC8-4315-A0ED-A84887EB349B}.Release|Any CPU.ActiveCfg = Release|Any CPU
		{1EE9D872-9AC8-4315-A0ED-A84887EB349B}.Release|Any CPU.Build.0 = Release|Any CPU
		{7AB6E7D6-BC90-4F90-B73E-6742040DD0D2}.Debug|Any CPU.ActiveCfg = Debug|Any CPU
		{7AB6E7D6-BC90-4F90-B73E-6742040DD0D2}.Debug|Any CPU.Build.0 = Debug|Any CPU
		{7AB6E7D6-BC90-4F90-B73E-6742040DD0D2}.Release|Any CPU.ActiveCfg = Release|Any CPU
		{7AB6E7D6-BC90-4F90-B73E-6742040DD0D2}.Release|Any CPU.Build.0 = Release|Any CPU
	EndGlobalSection
	GlobalSection(SolutionProperties) = preSolution
		HideSolutionNode = FALSE
	EndGlobalSection
	GlobalSection(NestedProjects) = preSolution
		{F08ADBB0-2697-4281-BE65-40FE6C8D846F} = {AE8ED176-7C7F-4B2E-8A32-D499A850559F}
		{157D685B-DA13-4826-85DE-3803FA7B1A11} = {35AE442A-A285-4D0D-910F-B23A41F342C1}
		{F42B3A12-CC9F-4776-9BFE-6C3FC20712ED} = {8B5323A2-3ED1-4963-9FE3-6FBF16A11E05}
		{6A0480A5-96F2-437D-8A14-325E624D44CA} = {8B5323A2-3ED1-4963-9FE3-6FBF16A11E05}
		{668FE049-1864-484F-8734-05E3BB2931AB} = {8B5323A2-3ED1-4963-9FE3-6FBF16A11E05}
		{F81D32C7-82B6-4689-BE51-9E80973995E2} = {8B5323A2-3ED1-4963-9FE3-6FBF16A11E05}
		{4B2E7ACB-AD31-4728-8EA8-952FEA298952} = {5018AD60-C9F3-448B-9695-2C7EAD4A064C}
		{D4A4902E-5ECD-44AA-A019-1479160EB71E} = {5018AD60-C9F3-448B-9695-2C7EAD4A064C}
		{65259E4B-7414-4010-9191-66F6BF9F931C} = {5018AD60-C9F3-448B-9695-2C7EAD4A064C}
		{7EF8D0C0-B2C2-4573-8BE1-E6E5A033ACBD} = {5018AD60-C9F3-448B-9695-2C7EAD4A064C}
		{8A999013-E499-461C-9871-9303EA9CBD40} = {5018AD60-C9F3-448B-9695-2C7EAD4A064C}
	EndGlobalSection
EndGlobal
